<?xml version="1.0" encoding="utf-8"?>
<Project ToolsVersion="4.0" xmlns="http://schemas.microsoft.com/developer/msbuild/2003">
  <ItemGroup>
    <Filter Include="Source Files">
      <UniqueIdentifier>{81f27678-39b7-48e7-b1f6-c42b406bfa4f}</UniqueIdentifier>
      <Extensions>cpp;c;cxx;rc;def;r;odl;idl;hpj;bat</Extensions>
    </Filter>
    <Filter Include="Header Files">
      <UniqueIdentifier>{ca8f9e99-1c0a-4bd4-bb45-aadeb3fd1efc}</UniqueIdentifier>
      <Extensions>h;hpp;hxx;hm;inl</Extensions>
    </Filter>
    <Filter Include="Resource Files">
      <UniqueIdentifier>{377320ce-24c5-44e9-83cf-074173c33f59}</UniqueIdentifier>
      <Extensions>ico;cur;bmp;dlg;rc2;rct;bin;rgs;gif;jpg;jpeg;jpe</Extensions>
    </Filter>
  </ItemGroup>
  <ItemGroup>
    <ClCompile Include="ai.cpp">
      <Filter>Source Files</Filter>
    </ClCompile>
    <ClCompile Include="AlertList.cpp">
      <Filter>Source Files</Filter>
    </ClCompile>
    <ClCompile Include="Alerts.cpp">
      <Filter>Source Files</Filter>
    </ClCompile>
    <ClCompile Include="AppMainLoop.cpp">
      <Filter>Source Files</Filter>
    </ClCompile>
    <ClCompile Include="AssignDialog.cpp">
      <Filter>Source Files</Filter>
    </ClCompile>
    <ClCompile Include="Canvas.cpp">
      <Filter>Source Files</Filter>
    </ClCompile>
    <ClCompile Include="Client.cpp">
      <Filter>Source Files</Filter>
    </ClCompile>
    <ClCompile Include="ClientConnection.cpp">
      <Filter>Source Files</Filter>
    </ClCompile>
    <ClCompile Include="ConfigDialog.cpp">
      <Filter>Source Files</Filter>
    </ClCompile>
    <ClCompile Include="CSV.cpp">
      <Filter>Source Files</Filter>
    </ClCompile>
    <ClCompile Include="DaysDialog.cpp">
      <Filter>Source Files</Filter>
    </ClCompile>
    <ClCompile Include="espanol.cpp">
      <Filter>Source Files</Filter>
    </ClCompile>
    <ClCompile Include="FontManager.cpp">
      <Filter>Source Files</Filter>
    </ClCompile>
    <ClCompile Include="GraphView.cpp">
      <Filter>Source Files</Filter>
    </ClCompile>
    <ClCompile Include="GTFS.cpp">
      <Filter>Source Files</Filter>
    </ClCompile>
    <ClCompile Include="HostLock.cpp">
      <Filter>Source Files</Filter>
    </ClCompile>
    <ClCompile Include="HostThread.cpp">
      <Filter>Source Files</Filter>
    </ClCompile>
    <ClCompile Include="html.cpp">
      <Filter>Source Files</Filter>
    </ClCompile>
    <ClCompile Include="HtmlView.cpp">
      <Filter>Source Files</Filter>
    </ClCompile>
    <ClCompile Include="http.cpp">
      <Filter>Source Files</Filter>
    </ClCompile>
    <ClCompile Include="italiano.cpp">
      <Filter>Source Files</Filter>
    </ClCompile>
    <ClCompile Include="Itinerary.cpp">
      <Filter>Source Files</Filter>
    </ClCompile>
    <ClCompile Include="ItineraryDialog.cpp">
      <Filter>Source Files</Filter>
    </ClCompile>
    <ClCompile Include="ItineraryView.cpp">
      <Filter>Source Files</Filter>
    </ClCompile>
    <ClCompile Include="LateGraphView.cpp">
      <Filter>Source Files</Filter>
    </ClCompile>
    <ClCompile Include="loadsave.cpp">
      <Filter>Source Files</Filter>
    </ClCompile>
    <ClCompile Include="Localize.cpp">
      <Filter>Source Files</Filter>
    </ClCompile>
    <ClCompile Include="Lock.cpp">
      <Filter>Source Files</Filter>
    </ClCompile>
    <ClCompile Include="Main.cpp">
      <Filter>Source Files</Filter>
    </ClCompile>
    <ClCompile Include="MainFrm.cpp">
      <Filter>Source Files</Filter>
    </ClCompile>
    <ClCompile Include="mongoose.c">
      <Filter>Source Files</Filter>
    </ClCompile>
    <ClCompile Include="MotivePower.cpp">
      <Filter>Source Files</Filter>
    </ClCompile>
    <ClCompile Include="NotebookMgr.cpp">
      <Filter>Source Files</Filter>
    </ClCompile>
    <ClCompile Include="Options.cpp">
      <Filter>Source Files</Filter>
    </ClCompile>
    <ClCompile Include="OptionsDialog.cpp">
      <Filter>Source Files</Filter>
    </ClCompile>
    <ClCompile Include="PlatformGraph.cpp">
      <Filter>Source Files</Filter>
    </ClCompile>
    <ClCompile Include="Puzzles.cpp">
      <Filter>Source Files</Filter>
    </ClCompile>
    <ClCompile Include="ReportBase.cpp">
      <Filter>Source Files</Filter>
    </ClCompile>
    <ClCompile Include="run.cpp">
      <Filter>Source Files</Filter>
    </ClCompile>
    <ClCompile Include="ScenarioInfoDialog.cpp">
      <Filter>Source Files</Filter>
    </ClCompile>
    <ClCompile Include="Server.cpp">
      <Filter>Source Files</Filter>
    </ClCompile>
    <ClCompile Include="Shape.cpp">
      <Filter>Source Files</Filter>
    </ClCompile>
    <ClCompile Include="SignalDialog.cpp">
      <Filter>Source Files</Filter>
    </ClCompile>
    <ClCompile Include="SkinColorsDialog.cpp">
      <Filter>Source Files</Filter>
    </ClCompile>
    <ClCompile Include="StationInfoDialog.cpp">
      <Filter>Source Files</Filter>
    </ClCompile>
    <ClCompile Include="StringBuilder.cpp">
      <Filter>Source Files</Filter>
    </ClCompile>
    <ClCompile Include="SwitchBoard.cpp">
      <Filter>Source Files</Filter>
    </ClCompile>
    <ClCompile Include="SwitchboardNameDialog.cpp">
      <Filter>Source Files</Filter>
    </ClCompile>
    <ClCompile Include="SwitchboardView.cpp">
      <Filter>Source Files</Filter>
    </ClCompile>
    <ClCompile Include="TConfig.cpp">
      <Filter>Source Files</Filter>
    </ClCompile>
    <ClCompile Include="TDFile.cpp">
      <Filter>Source Files</Filter>
    </ClCompile>
    <ClCompile Include="tdscript.cpp">
      <Filter>Source Files</Filter>
    </ClCompile>
    <ClCompile Include="TimeTable.cpp">
      <Filter>Source Files</Filter>
    </ClCompile>
    <ClCompile Include="TimeTblView.cpp">
      <Filter>Source Files</Filter>
    </ClCompile>
    <ClCompile Include="ToolsView.cpp">
      <Filter>Source Files</Filter>
    </ClCompile>
    <ClCompile Include="track.cpp">
      <Filter>Source Files</Filter>
    </ClCompile>
    <ClCompile Include="TrackDialog.cpp">
      <Filter>Source Files</Filter>
    </ClCompile>
    <ClCompile Include="TrackScriptDialog.cpp">
      <Filter>Source Files</Filter>
    </ClCompile>
    <ClCompile Include="Train.cpp">
      <Filter>Source Files</Filter>
    </ClCompile>
    <ClCompile Include="TrainInfoDialog.cpp">
      <Filter>Source Files</Filter>
    </ClCompile>
    <ClCompile Include="TrainInfoList.cpp">
      <Filter>Source Files</Filter>
    </ClCompile>
    <ClCompile Include="TriggerDialog.cpp">
      <Filter>Source Files</Filter>
    </ClCompile>
    <ClCompile Include="trsim.cpp">
      <Filter>Source Files</Filter>
    </ClCompile>
    <ClCompile Include="TSignal.cpp">
      <Filter>Source Files</Filter>
    </ClCompile>
    <ClCompile Include="TVector.cpp">
      <Filter>Source Files</Filter>
    </ClCompile>
    <ClCompile Include="WebServices.cpp">
      <Filter>Source Files</Filter>
    </ClCompile>
    <ClCompile Include="WSGenTT.cpp">
      <Filter>Source Files</Filter>
    </ClCompile>
  </ItemGroup>
  <ItemGroup>
    <ClInclude Include="ClientConnection.h">
      <Filter>Source Files</Filter>
    </ClInclude>
    <ClInclude Include="CSV.h">
      <Filter>Source Files</Filter>
    </ClInclude>
    <ClInclude Include="GTFS.h">
      <Filter>Source Files</Filter>
    </ClInclude>
    <ClInclude Include="HostThread.h">
      <Filter>Source Files</Filter>
    </ClInclude>
    <ClInclude Include="Lock.h">
      <Filter>Source Files</Filter>
    </ClInclude>
    <ClInclude Include="Options.h">
      <Filter>Source Files</Filter>
    </ClInclude>
    <ClInclude Include="Shape.h">
      <Filter>Source Files</Filter>
    </ClInclude>
    <ClInclude Include="AlertList.h">
      <Filter>Header Files</Filter>
    </ClInclude>
    <ClInclude Include="Alerts.h">
      <Filter>Header Files</Filter>
    </ClInclude>
    <ClInclude Include="Array.h">
      <Filter>Header Files</Filter>
    </ClInclude>
    <ClInclude Include="AssignDialog.h">
      <Filter>Header Files</Filter>
    </ClInclude>
    <ClInclude Include="Canvas.h">
      <Filter>Header Files</Filter>
    </ClInclude>
    <ClInclude Include="Client.h">
      <Filter>Header Files</Filter>
    </ClInclude>
    <ClInclude Include="color.h">
      <Filter>Header Files</Filter>
    </ClInclude>
    <ClInclude Include="ConfigDialog.h">
      <Filter>Header Files</Filter>
    </ClInclude>
    <ClInclude Include="DaysDialog.h">
      <Filter>Header Files</Filter>
    </ClInclude>
    <ClInclude Include="defs.h">
      <Filter>Header Files</Filter>
    </ClInclude>
    <ClInclude Include="FontManager.h">
      <Filter>Header Files</Filter>
    </ClInclude>
    <ClInclude Include="GraphView.h">
      <Filter>Header Files</Filter>
    </ClInclude>
    <ClInclude Include="HostLock.h">
      <Filter>Header Files</Filter>
    </ClInclude>
    <ClInclude Include="HtmlView.h">
      <Filter>Header Files</Filter>
    </ClInclude>
    <ClInclude Include="imovers.h">
      <Filter>Header Files</Filter>
    </ClInclude>
    <ClInclude Include="Itinerary.h">
      <Filter>Header Files</Filter>
    </ClInclude>
    <ClInclude Include="ItineraryDialog.h">
      <Filter>Header Files</Filter>
    </ClInclude>
    <ClInclude Include="ItineraryView.h">
      <Filter>Header Files</Filter>
    </ClInclude>
    <ClInclude Include="LateGraphView.h">
      <Filter>Header Files</Filter>
    </ClInclude>
    <ClInclude Include="LinkedList.h">
      <Filter>Header Files</Filter>
    </ClInclude>
    <ClInclude Include="MainFrm.h">
      <Filter>Header Files</Filter>
    </ClInclude>
    <ClInclude Include="mongoose.h">
      <Filter>Header Files</Filter>
    </ClInclude>
    <ClInclude Include="MotivePower.h">
      <Filter>Header Files</Filter>
    </ClInclude>
    <ClInclude Include="NotebookMgr.h">
      <Filter>Header Files</Filter>
    </ClInclude>
    <ClInclude Include="OptionsDialog.h">
      <Filter>Header Files</Filter>
    </ClInclude>
    <ClInclude Include="PlatformGraphView.h">
      <Filter>Header Files</Filter>
    </ClInclude>
    <ClInclude Include="ReportBase.h">
      <Filter>Header Files</Filter>
    </ClInclude>
    <ClInclude Include="ScenarioInfoDialog.h">
      <Filter>Header Files</Filter>
    </ClInclude>
    <ClInclude Include="Server.h">
      <Filter>Header Files</Filter>
    </ClInclude>
    <ClInclude Include="SignalDialog.h">
      <Filter>Header Files</Filter>
    </ClInclude>
    <ClInclude Include="SkinColorsDialog.h">
      <Filter>Header Files</Filter>
    </ClInclude>
    <ClInclude Include="StationInfoDialog.h">
      <Filter>Header Files</Filter>
    </ClInclude>
    <ClInclude Include="StringBuilder.h">
      <Filter>Header Files</Filter>
    </ClInclude>
    <ClInclude Include="SwitchBoard.h">
      <Filter>Header Files</Filter>
    </ClInclude>
    <ClInclude Include="SwitchboardNameDialog.h">
      <Filter>Header Files</Filter>
    </ClInclude>
    <ClInclude Include="SwitchboardView.h">
      <Filter>Header Files</Filter>
    </ClInclude>
    <ClInclude Include="TConfig.h">
      <Filter>Header Files</Filter>
    </ClInclude>
    <ClInclude Include="TDFile.h">
      <Filter>Header Files</Filter>
    </ClInclude>
    <ClInclude Include="tdscript.h">
      <Filter>Header Files</Filter>
    </ClInclude>
    <ClInclude Include="TimeTable.h">
      <Filter>Header Files</Filter>
    </ClInclude>
    <ClInclude Include="TimeTblView.h">
      <Filter>Header Files</Filter>
    </ClInclude>
    <ClInclude Include="ToolsView.h">
      <Filter>Header Files</Filter>
    </ClInclude>
    <ClInclude Include="Track.h">
      <Filter>Header Files</Filter>
    </ClInclude>
    <ClInclude Include="TrackDialog.h">
      <Filter>Header Files</Filter>
    </ClInclude>
    <ClInclude Include="TrackScriptDialog.h">
      <Filter>Header Files</Filter>
    </ClInclude>
    <ClInclude Include="Train.h">
      <Filter>Header Files</Filter>
    </ClInclude>
    <ClInclude Include="traindir3.h">
      <Filter>Header Files</Filter>
    </ClInclude>
    <ClInclude Include="TrainInfoDialog.h">
      <Filter>Header Files</Filter>
    </ClInclude>
    <ClInclude Include="TrainInfoList.h">
      <Filter>Header Files</Filter>
    </ClInclude>
    <ClInclude Include="TriggerDialog.h">
      <Filter>Header Files</Filter>
    </ClInclude>
    <ClInclude Include="trsim.h">
      <Filter>Header Files</Filter>
    </ClInclude>
    <ClInclude Include="TSignal.h">
      <Filter>Header Files</Filter>
    </ClInclude>
    <ClInclude Include="TVector.h">
      <Filter>Header Files</Filter>
    </ClInclude>
    <ClInclude Include="ui.h">
      <Filter>Header Files</Filter>
    </ClInclude>
  </ItemGroup>
  <ItemGroup>
    <Image Include="icon1.ico">
      <Filter>Resource Files</Filter>
    </Image>
    <Image Include="TD.ico">
      <Filter>Resource Files</Filter>
    </Image>
  </ItemGroup>
  <ItemGroup>
    <ResourceCompile Include="resource.rc">
      <Filter>Resource Files</Filter>
    </ResourceCompile>
  </ItemGroup>
</Project>